
Microsoft Visual Studio Solution File, Format Version 12.00
# Visual Studio Version 17
VisualStudioVersion = 17.11.35327.3
MinimumVisualStudioVersion = 10.0.40219.1
Project("{FAE04EC0-301F-11D3-BF4B-00C04F79EFBC}") = "WindowsFormsApp6", "WindowsFormsApp6.csproj", "{613C8245-236C-4F60-BA78-063DF3C203D6}"
EndProject
Global
	GlobalSection(SolutionConfigurationPlatforms) = preSolution
		Debug|Any CPU = Debug|Any CPU
		Release|Any CPU = Release|Any CPU
	EndGlobalSection
	GlobalSection(ProjectConfigurationPlatforms) = postSolution
		{613C8245-236C-4F60-BA78-063DF3C203D6}.Debug|Any CPU.ActiveCfg = Debug|Any CPU
		{613C8245-236C-4F60-BA78-063DF3C203D6}.Debug|Any CPU.Build.0 = Debug|Any CPU
		{613C8245-236C-4F60-BA78-063DF3C203D6}.Release|Any CPU.ActiveCfg = Release|Any CPU
		{613C8245-236C-4F60-BA78-063DF3C203D6}.Release|Any CPU.Build.0 = Release|Any CPU
	EndGlobalSection
	GlobalSection(SolutionProperties) = preSolution
		HideSolutionNode = FALSE
	EndGlobalSection
	GlobalSection(ExtensibilityGlobals) = postSolution
		SolutionGuid = {D53C2665-E275-49AC-9985-D1602CD8E91E}
	EndGlobalSection
EndGlobal
